{
  "nodes": {
    "base64-src": {
      "flake": false,
      "locked": {
        "lastModified": 1705041416,
        "narHash": "sha256-fi1/gozIXtVAhJr/TOM5cu1hJ7BKgz4KaDtkbYNKYR0=",
        "ref": "refs/heads/master",
        "rev": "dceb7af2f73afb7aae20322cca04f27331d2e16a",
        "revCount": 3,
        "type": "git",
        "url": "https://gist.github.com/tomykaira/f0fd86b6c73063283afe550bc5d77594"
      },
      "original": {
        "type": "git",
        "url": "https://gist.github.com/tomykaira/f0fd86b6c73063283afe550bc5d77594"
      }
    },
    "flake-utils": {
      "inputs": {
        "systems": "systems"
      },
      "locked": {
        "lastModified": 1710146030,
        "narHash": "sha256-SZ5L6eA7HJ/nmkzGG7/ISclqe6oZdOZTNoesiInkXPQ=",
        "ref": "refs/heads/main",
        "rev": "b1d9ab70662946ef0850d488da1c9019f3a9752a",
        "revCount": 92,
        "type": "git",
        "url": "https://github.com/numtide/flake-utils"
      },
      "original": {
        "type": "git",
        "url": "https://github.com/numtide/flake-utils"
      }
    },
    "gourou-src": {
      "flake": false,
      "locked": {
        "lastModified": 1713159448,
        "narHash": "sha256-z/hMvFPDd3CXo4iUiZPfkUVQPPcJe+Tk6By+cibAtE0=",
        "ref": "refs/heads/master",
        "rev": "81faf1f9bef4d27d8659f2f16b9c65df227ee3d7",
        "revCount": 141,
        "type": "git",
        "url": "https://forge.soutade.fr/soutade/libgourou"
      },
      "original": {
        "type": "git",
        "url": "https://forge.soutade.fr/soutade/libgourou"
      }
    },
    "nixpkgs": {
      "locked": {
        "lastModified": 1720928027,
        "narHash": "sha256-Ze8frbrRJAuEJWVWf9bExMoFshPYhAmp1Nq5VYkzlVU=",
        "ref": "refs/heads/master",
        "rev": "048f85c494ef4fcd90889537f78e8548f5abcaf0",
        "revCount": 652811,
        "type": "git",
        "url": "https://github.com/nixos/nixpkgs"
      },
      "original": {
        "type": "git",
        "url": "https://github.com/nixos/nixpkgs"
      }
    },
    "pugixml-src": {
      "flake": false,
      "locked": {
        "lastModified": 1720456557,
        "narHash": "sha256-0KZgn1PASbEb+Xl9XDZI+uifWwKPL6pVC1Lgbnjbet0=",
        "ref": "refs/heads/master",
        "rev": "30cc354fe37114ec7a0a4ed2192951690357c2ed",
        "revCount": 1799,
        "type": "git",
        "url": "https://github.com/zeux/pugixml"
      },
      "original": {
        "type": "git",
        "url": "https://github.com/zeux/pugixml"
      }
    },
    "root": {
      "inputs": {
        "base64-src": "base64-src",
        "flake-utils": "flake-utils",
        "gourou-src": "gourou-src",
        "nixpkgs": "nixpkgs",
        "pugixml-src": "pugixml-src",
        "updfparser-src": "updfparser-src"
      }
    },
    "systems": {
      "locked": {
        "lastModified": 1681028828,
        "narHash": "sha256-Vy1rq5AaRuLzOxct8nz4T6wlgyUR7zLU309k9mBC768=",
        "owner": "nix-systems",
        "repo": "default",
        "rev": "da67096a3b9bf56a91d16901293e51ba5b49a27e",
        "type": "github"
      },
      "original": {
        "owner": "nix-systems",
        "repo": "default",
        "type": "github"
      }
    },
    "updfparser-src": {
      "flake": false,
      "locked": {
        "lastModified": 1711214903,
        "narHash": "sha256-HD73WGZ4e/3T7vQmwU/lRADtvsInFG62uqvJmF773Rk=",
        "ref": "refs/heads/master",
        "rev": "6060d123441a06df699eb275ae5ffdd50409b8f3",
        "revCount": 33,
        "type": "git",
        "url": "https://forge.soutade.fr/soutade/updfparser"
      },
      "original": {
        "type": "git",
        "url": "https://forge.soutade.fr/soutade/updfparser"
      }
    }
  },
  "root": "root",
  "version": 7
}
