{
  "nodes": {
    "base64-src": {
      "flake": false,
      "locked": {
        "lastModified": 1705041416,
        "narHash": "sha256-fi1/gozIXtVAhJr/TOM5cu1hJ7BKgz4KaDtkbYNKYR0=",
        "ref": "refs/heads/master",
        "rev": "dceb7af2f73afb7aae20322cca04f27331d2e16a",
        "revCount": 3,
        "type": "git",
        "url": "https://gist.github.com/f0fd86b6c73063283afe550bc5d77594.git"
      },
      "original": {
        "type": "git",
        "url": "https://gist.github.com/f0fd86b6c73063283afe550bc5d77594.git"
      }
    },
    "flake-utils": {
      "inputs": {
        "systems": "systems"
      },
      "locked": {
        "lastModified": 1710146030,
        "narHash": "sha256-SZ5L6eA7HJ/nmkzGG7/ISclqe6oZdOZTNoesiInkXPQ=",
        "owner": "numtide",
        "repo": "flake-utils",
        "rev": "b1d9ab70662946ef0850d488da1c9019f3a9752a",
        "type": "github"
      },
      "original": {
        "owner": "numtide",
        "repo": "flake-utils",
        "type": "github"
      }
    },
    "gourou-src": {
      "flake": false,
      "locked": {
        "lastModified": 1713159448,
        "narHash": "sha256-z/hMvFPDd3CXo4iUiZPfkUVQPPcJe+Tk6By+cibAtE0=",
        "ref": "refs/heads/master",
        "rev": "81faf1f9bef4d27d8659f2f16b9c65df227ee3d7",
        "revCount": 141,
        "type": "git",
        "url": "git://soutade.fr/libgourou.git"
      },
      "original": {
        "type": "git",
        "url": "git://soutade.fr/libgourou.git"
      }
    },
    "nixpkgs": {
      "locked": {
        "lastModified": 1719075281,
        "narHash": "sha256-CyyxvOwFf12I91PBWz43iGT1kjsf5oi6ax7CrvaMyAo=",
        "owner": "NixOS",
        "repo": "nixpkgs",
        "rev": "a71e967ef3694799d0c418c98332f7ff4cc5f6af",
        "type": "github"
      },
      "original": {
        "owner": "NixOS",
        "ref": "nixos-unstable",
        "repo": "nixpkgs",
        "type": "github"
      }
    },
    "pugixml-src": {
      "flake": false,
      "locked": {
        "lastModified": 1694112913,
        "narHash": "sha256-xxtJr9VeBPxpxWJaDGO635+Ch7ZS6t6VyuXEio+ogZ8=",
        "owner": "zeux",
        "repo": "pugixml",
        "rev": "db78afc2b7d8f043b4bc6b185635d949ea2ed2a8",
        "type": "github"
      },
      "original": {
        "owner": "zeux",
        "ref": "latest",
        "repo": "pugixml",
        "type": "github"
      }
    },
    "root": {
      "inputs": {
        "base64-src": "base64-src",
        "flake-utils": "flake-utils",
        "gourou-src": "gourou-src",
        "nixpkgs": "nixpkgs",
        "pugixml-src": "pugixml-src",
        "updfparser-src": "updfparser-src"
      }
    },
    "systems": {
      "locked": {
        "lastModified": 1681028828,
        "narHash": "sha256-Vy1rq5AaRuLzOxct8nz4T6wlgyUR7zLU309k9mBC768=",
        "owner": "nix-systems",
        "repo": "default",
        "rev": "da67096a3b9bf56a91d16901293e51ba5b49a27e",
        "type": "github"
      },
      "original": {
        "owner": "nix-systems",
        "repo": "default",
        "type": "github"
      }
    },
    "updfparser-src": {
      "flake": false,
      "locked": {
        "lastModified": 1711214903,
        "narHash": "sha256-HD73WGZ4e/3T7vQmwU/lRADtvsInFG62uqvJmF773Rk=",
        "ref": "refs/heads/master",
        "rev": "6060d123441a06df699eb275ae5ffdd50409b8f3",
        "revCount": 33,
        "type": "git",
        "url": "git://soutade.fr/updfparser.git"
      },
      "original": {
        "type": "git",
        "url": "git://soutade.fr/updfparser.git"
      }
    }
  },
  "root": "root",
  "version": 7
}
