{
  "nodes": {
    "inept-epub": {
      "inputs": {
        "nixpkgs": [
          "nixpkgs"
        ]
      },
      "locked": {
        "lastModified": 1628616743,
        "narHash": "sha256-XNka+o/55SYOtDUXXOTmDvX4Qiqbaz4COq+JZ8MPoe8=",
        "owner": "BentonEdmondson",
        "repo": "inept-epub",
        "rev": "d6ba98a7159f61e7b77dc17c8c6bb62e193c8831",
        "type": "github"
      },
      "original": {
        "owner": "BentonEdmondson",
        "repo": "inept-epub",
        "type": "github"
      }
    },
    "libgourou-utils": {
      "inputs": {
        "nixpkgs": [
          "nixpkgs"
        ]
      },
      "locked": {
        "lastModified": 1631412686,
        "narHash": "sha256-u0v3qU+qckvZE/obCHjeyktcvH8Wyo4Zld9AxEI53bI=",
        "owner": "BentonEdmondson",
        "repo": "libgourou-utils",
        "rev": "88d6dc2b549a28f886a15a7992890d60e576716d",
        "type": "github"
      },
      "original": {
        "owner": "BentonEdmondson",
        "repo": "libgourou-utils",
        "type": "github"
      }
    },
    "nixpkgs": {
      "locked": {
        "lastModified": 1631206977,
        "narHash": "sha256-o3Dct9aJ5ht5UaTUBzXrRcK1RZt2eG5/xSlWJuUCVZM=",
        "owner": "NixOS",
        "repo": "nixpkgs",
        "rev": "4f6d8095fd51954120a1d08ea5896fe42dc3923b",
        "type": "github"
      },
      "original": {
        "owner": "NixOS",
        "ref": "nixos-unstable",
        "repo": "nixpkgs",
        "type": "github"
      }
    },
    "root": {
      "inputs": {
        "inept-epub": "inept-epub",
        "libgourou-utils": "libgourou-utils",
        "nixpkgs": "nixpkgs"
      }
    }
  },
  "root": "root",
  "version": 7
}
